<?xml version="1.0" encoding="utf-8"?>
<Project ToolsVersion="4.0" xmlns="http://schemas.microsoft.com/developer/msbuild/2003">
  <ItemGroup>
    <Filter Include="Source Files">
      <UniqueIdentifier>{4FC737F1-C7A5-4376-A066-2A32D752A2FF}</UniqueIdentifier>
      <Extensions>cpp;cxx;c;def</Extensions>
    </Filter>
    <Filter Include="Header Files">
      <UniqueIdentifier>{93995380-89BD-4b04-88EB-625FBE52EBFB}</UniqueIdentifier>
      <Extensions>h</Extensions>
    </Filter>
    <Filter Include="Form Files">
      <UniqueIdentifier>{99349809-55BA-4b9d-BF79-8FDBB0286EB3}</UniqueIdentifier>
      <Extensions>ui</Extensions>
    </Filter>
    <Filter Include="Resource Files">
      <UniqueIdentifier>{D9D6E242-F8AF-46E4-B9FD-80ECBC20BA3E}</UniqueIdentifier>
      <Extensions>qrc;*</Extensions>
      <ParseFiles>false</ParseFiles>
    </Filter>
    <Filter Include="Generated Files">
      <UniqueIdentifier>{71ED8ED8-ACB9-4CE9-BBE1-E00B30144E11}</UniqueIdentifier>
      <Extensions>moc;h;cpp</Extensions>
      <SourceControlFiles>False</SourceControlFiles>
    </Filter>
    <Filter Include="Generated Files\Debug">
      <UniqueIdentifier>{8cddc17e-94f6-43cb-b076-4d42f118589e}</UniqueIdentifier>
      <Extensions>cpp;moc</Extensions>
      <SourceControlFiles>False</SourceControlFiles>
    </Filter>
    <Filter Include="Generated Files\Release">
      <UniqueIdentifier>{aeb5eb94-55b0-4546-b52b-557bd115a43c}</UniqueIdentifier>
      <Extensions>cpp;moc</Extensions>
      <SourceControlFiles>False</SourceControlFiles>
    </Filter>
    <Filter Include="svg">
      <UniqueIdentifier>{8fcaaec7-9d89-4bb3-b1f0-e0775ad00e88}</UniqueIdentifier>
      <Extensions>svg</Extensions>
    </Filter>
    <Filter Include="Shaders">
      <UniqueIdentifier>{079ede8b-b7fc-4db6-875a-011e452901d6}</UniqueIdentifier>
    </Filter>
  </ItemGroup>
  <ItemGroup>
    <ClCompile Include="ARehabFrame.cpp">
      <Filter>Source Files</Filter>
    </ClCompile>
    <ClCompile Include="BodyFrame.cpp">
      <Filter>Source Files</Filter>
    </ClCompile>
    <ClCompile Include="ColorFrame.cpp">
      <Filter>Source Files</Filter>
    </ClCompile>
    <ClCompile Include="DoubleExponentialFilter.cpp">
      <Filter>Source Files</Filter>
    </ClCompile>
    <ClCompile Include="GLFBO.cpp">
      <Filter>Source Files</Filter>
    </ClCompile>
    <ClCompile Include="GLFunctions.cpp">
      <Filter>Source Files</Filter>
    </ClCompile>
    <ClCompile Include="GLShader.cpp">
      <Filter>Source Files</Filter>
    </ClCompile>
    <ClCompile Include="GLTexture.cpp">
      <Filter>Source Files</Filter>
    </ClCompile>
    <ClCompile Include="GLTexture2D.cpp">
      <Filter>Source Files</Filter>
    </ClCompile>
    <ClCompile Include="GLVBO.cpp">
      <Filter>Source Files</Filter>
    </ClCompile>
    <ClCompile Include="GLVBOBody.cpp">
      <Filter>Source Files</Filter>
    </ClCompile>
    <ClCompile Include="GLVBOVideo.cpp">
      <Filter>Source Files</Filter>
    </ClCompile>
    <ClCompile Include="KinectController.cpp">
      <Filter>Source Files</Filter>
    </ClCompile>
    <ClCompile Include="QARehabFileControlWidget.cpp">
      <Filter>Source Files</Filter>
    </ClCompile>
    <ClCompile Include="GeneratedFiles\Debug\moc_QARehabFileControlWidget.cpp">
      <Filter>Generated Files\Debug</Filter>
    </ClCompile>
    <ClCompile Include="GeneratedFiles\Release\moc_QARehabFileControlWidget.cpp">
      <Filter>Generated Files\Release</Filter>
    </ClCompile>
    <ClCompile Include="QGraphicsItemToolkit.cpp">
      <Filter>Source Files</Filter>
    </ClCompile>
    <ClCompile Include="QGuiStateWidget.cpp">
      <Filter>Source Files</Filter>
    </ClCompile>
    <ClCompile Include="GeneratedFiles\Debug\moc_QGuiStateWidget.cpp">
      <Filter>Generated Files\Debug</Filter>
    </ClCompile>
    <ClCompile Include="GeneratedFiles\Release\moc_QGuiStateWidget.cpp">
      <Filter>Generated Files\Release</Filter>
    </ClCompile>
    <ClCompile Include="QJointSelectorWidget.cpp">
      <Filter>Source Files</Filter>
    </ClCompile>
    <ClCompile Include="GeneratedFiles\Debug\moc_QJointSelectorWidget.cpp">
      <Filter>Generated Files\Debug</Filter>
    </ClCompile>
    <ClCompile Include="GeneratedFiles\Release\moc_QJointSelectorWidget.cpp">
      <Filter>Generated Files\Release</Filter>
    </ClCompile>
    <ClCompile Include="QKinectControlWidget.cpp">
      <Filter>Source Files</Filter>
    </ClCompile>
    <ClCompile Include="GeneratedFiles\Debug\moc_QKinectControlWidget.cpp">
      <Filter>Generated Files\Debug</Filter>
    </ClCompile>
    <ClCompile Include="GeneratedFiles\Release\moc_QKinectControlWidget.cpp">
      <Filter>Generated Files\Release</Filter>
    </ClCompile>
    <ClCompile Include="QSVGInteractiveItem.cpp">
      <Filter>Source Files</Filter>
    </ClCompile>
    <ClCompile Include="GeneratedFiles\Debug\moc_QSVGInteractiveItem.cpp">
      <Filter>Generated Files\Debug</Filter>
    </ClCompile>
    <ClCompile Include="GeneratedFiles\Release\moc_QSVGInteractiveItem.cpp">
      <Filter>Generated Files\Release</Filter>
    </ClCompile>
    <ClCompile Include="QSVGTristateItem.cpp">
      <Filter>Source Files</Filter>
    </ClCompile>
    <ClCompile Include="GeneratedFiles\Debug\moc_QSVGTristateItem.cpp">
      <Filter>Generated Files\Debug</Filter>
    </ClCompile>
    <ClCompile Include="GeneratedFiles\Release\moc_QSVGTristateItem.cpp">
      <Filter>Generated Files\Release</Filter>
    </ClCompile>
    <ClCompile Include="Toolkit.cpp">
      <Filter>Source Files</Filter>
    </ClCompile>
    <ClCompile Include="QGLViewer.cpp">
      <Filter>Source Files</Filter>
    </ClCompile>
    <ClCompile Include="GeneratedFiles\Debug\moc_QGLViewer.cpp">
      <Filter>Generated Files\Debug</Filter>
    </ClCompile>
    <ClCompile Include="GeneratedFiles\Release\moc_QGLViewer.cpp">
      <Filter>Generated Files\Release</Filter>
    </ClCompile>
    <ClCompile Include="ARehabFileMetadata.cpp">
      <Filter>Source Files</Filter>
    </ClCompile>
    <ClCompile Include="GeneratedFiles\Debug\moc_ARehabFileMetadata.cpp">
      <Filter>Generated Files\Debug</Filter>
    </ClCompile>
    <ClCompile Include="GeneratedFiles\Release\moc_ARehabFileMetadata.cpp">
      <Filter>Generated Files\Release</Filter>
    </ClCompile>
    <ClCompile Include="ARehabFileReaderController.cpp">
      <Filter>Source Files</Filter>
    </ClCompile>
    <ClCompile Include="ARehabFileWriterController.cpp">
      <Filter>Source Files</Filter>
    </ClCompile>
    <ClCompile Include="QARehabFileControlModel.cpp">
      <Filter>Source Files</Filter>
    </ClCompile>
    <ClCompile Include="GeneratedFiles\Debug\moc_QARehabFileControlModel.cpp">
      <Filter>Generated Files\Debug</Filter>
    </ClCompile>
    <ClCompile Include="GeneratedFiles\Release\moc_QARehabFileControlModel.cpp">
      <Filter>Generated Files\Release</Filter>
    </ClCompile>
    <ClCompile Include="QJointSelectorItem.cpp">
      <Filter>Source Files</Filter>
    </ClCompile>
    <ClCompile Include="GeneratedFiles\Debug\moc_QJointSelectorItem.cpp">
      <Filter>Generated Files\Debug</Filter>
    </ClCompile>
    <ClCompile Include="GeneratedFiles\Release\moc_QJointSelectorItem.cpp">
      <Filter>Generated Files\Release</Filter>
    </ClCompile>
  </ItemGroup>
  <ItemGroup>
    <ClInclude Include="ARehabFrame.h">
      <Filter>Header Files</Filter>
    </ClInclude>
    <ClInclude Include="BodyFrame.h">
      <Filter>Header Files</Filter>
    </ClInclude>
    <ClInclude Include="ColorFrame.h">
      <Filter>Header Files</Filter>
    </ClInclude>
    <ClInclude Include="DoubleExponentialFilter.h">
      <Filter>Header Files</Filter>
    </ClInclude>
    <ClInclude Include="GLFBO.h">
      <Filter>Header Files</Filter>
    </ClInclude>
    <ClInclude Include="GLFunctions.h">
      <Filter>Header Files</Filter>
    </ClInclude>
    <ClInclude Include="GLShader.h">
      <Filter>Header Files</Filter>
    </ClInclude>
    <ClInclude Include="GLTexture.h">
      <Filter>Header Files</Filter>
    </ClInclude>
    <ClInclude Include="GLTexture2D.h">
      <Filter>Header Files</Filter>
    </ClInclude>
    <ClInclude Include="GLVBO.h">
      <Filter>Header Files</Filter>
    </ClInclude>
    <ClInclude Include="GLVBOBody.h">
      <Filter>Header Files</Filter>
    </ClInclude>
    <ClInclude Include="GLVBOVideo.h">
      <Filter>Header Files</Filter>
    </ClInclude>
    <ClInclude Include="KinectController.h">
      <Filter>Header Files</Filter>
    </ClInclude>
    <ClInclude Include="QGraphicsItemToolkit.h">
      <Filter>Header Files</Filter>
    </ClInclude>
    <ClInclude Include="Toolkit.h">
      <Filter>Header Files</Filter>
    </ClInclude>
    <ClInclude Include="IARehabFrameReader.h">
      <Filter>Header Files</Filter>
    </ClInclude>
    <ClInclude Include="IARehabFrameWriter.h">
      <Filter>Header Files</Filter>
    </ClInclude>
    <ClInclude Include="ARehabFileReaderController.h">
      <Filter>Header Files</Filter>
    </ClInclude>
    <ClInclude Include="ARehabFileWriterController.h">
      <Filter>Header Files</Filter>
    </ClInclude>
  </ItemGroup>
  <ItemGroup>
    <CustomBuild Include="QARehabFileControlWidget.h">
      <Filter>Header Files</Filter>
    </CustomBuild>
    <CustomBuild Include="QGuiStateWidget.h">
      <Filter>Header Files</Filter>
    </CustomBuild>
    <CustomBuild Include="QJointSelectorWidget.h">
      <Filter>Header Files</Filter>
    </CustomBuild>
    <CustomBuild Include="QKinectControlWidget.h">
      <Filter>Header Files</Filter>
    </CustomBuild>
    <CustomBuild Include="QSVGInteractiveItem.h">
      <Filter>Header Files</Filter>
    </CustomBuild>
    <CustomBuild Include="QSVGTristateItem.h">
      <Filter>Header Files</Filter>
    </CustomBuild>
    <CustomBuild Include="QGLViewer.h">
      <Filter>Header Files</Filter>
    </CustomBuild>
    <CustomBuild Include="ARehabFileMetadata.h">
      <Filter>Header Files</Filter>
    </CustomBuild>
    <CustomBuild Include="QARehabFileControlModel.h">
      <Filter>Header Files</Filter>
    </CustomBuild>
    <CustomBuild Include="QJointSelectorItem.h">
      <Filter>Header Files</Filter>
    </CustomBuild>
  </ItemGroup>
  <ItemGroup>
    <None Include="svg\stop.svg">
      <Filter>svg</Filter>
    </None>
    <None Include="svg\about.svg">
      <Filter>svg</Filter>
    </None>
    <None Include="svg\back.svg">
      <Filter>svg</Filter>
    </None>
    <None Include="svg\backHover.svg">
      <Filter>svg</Filter>
    </None>
    <None Include="svg\bad.svg">
      <Filter>svg</Filter>
    </None>
    <None Include="svg\checked.svg">
      <Filter>svg</Filter>
    </None>
    <None Include="svg\currentState.svg">
      <Filter>svg</Filter>
    </None>
    <None Include="svg\fail.svg">
      <Filter>svg</Filter>
    </None>
    <None Include="svg\finalState.svg">
      <Filter>svg</Filter>
    </None>
    <None Include="svg\good.svg">
      <Filter>svg</Filter>
    </None>
    <None Include="svg\help.svg">
      <Filter>svg</Filter>
    </None>
    <None Include="svg\humansilhouette.svg">
      <Filter>svg</Filter>
    </None>
    <None Include="svg\initialState.svg">
      <Filter>svg</Filter>
    </None>
    <None Include="svg\innerState.svg">
      <Filter>svg</Filter>
    </None>
    <None Include="svg\intervalLeft.svg">
      <Filter>svg</Filter>
    </None>
    <None Include="svg\intervalRight.svg">
      <Filter>svg</Filter>
    </None>
    <None Include="svg\jointSelected.svg">
      <Filter>svg</Filter>
    </None>
    <None Include="svg\jointSelector.svg">
      <Filter>svg</Filter>
    </None>
    <None Include="svg\maximize.svg">
      <Filter>svg</Filter>
    </None>
    <None Include="svg\next.svg">
      <Filter>svg</Filter>
    </None>
    <None Include="svg\nextHover.svg">
      <Filter>svg</Filter>
    </None>
    <None Include="svg\play.svg">
      <Filter>svg</Filter>
    </None>
    <None Include="svg\power.svg">
      <Filter>svg</Filter>
    </None>
    <None Include="svg\record.svg">
      <Filter>svg</Filter>
    </None>
    <None Include="svg\restart.svg">
      <Filter>svg</Filter>
    </None>
    <None Include="svg\save.svg">
      <Filter>svg</Filter>
    </None>
    <None Include="svg\state.svg">
      <Filter>svg</Filter>
    </None>
    <None Include="svg\stateFail.svg">
      <Filter>svg</Filter>
    </None>
    <None Include="svg\stateHover.svg">
      <Filter>svg</Filter>
    </None>
    <None Include="svg\stateok.svg">
      <Filter>svg</Filter>
    </None>
    <None Include="..\ARehab_vTerapeuta\shaders\default.frag">
      <Filter>Shaders</Filter>
    </None>
    <None Include="..\ARehab_vTerapeuta\shaders\default.vert">
      <Filter>Shaders</Filter>
    </None>
    <None Include="..\ARehab_vTerapeuta\shaders\joints.frag">
      <Filter>Shaders</Filter>
    </None>
    <None Include="..\ARehab_vTerapeuta\shaders\joints.geom">
      <Filter>Shaders</Filter>
    </None>
    <None Include="..\ARehab_vTerapeuta\shaders\joints.vert">
      <Filter>Shaders</Filter>
    </None>
    <None Include="..\ARehab_vTerapeuta\shaders\video.frag">
      <Filter>Shaders</Filter>
    </None>
    <None Include="..\ARehab_vTerapeuta\shaders\video.vert">
      <Filter>Shaders</Filter>
    </None>
  </ItemGroup>
</Project>